# THIS IS AN AUTOGENERATED FILE. DO NOT EDIT THIS FILE DIRECTLY.
# yarn lockfile v1


"@aashutoshrathi/word-wrap@^1.2.3":
  version "1.2.6"
  resolved "https://registry.yarnpkg.com/@aashutoshrathi/word-wrap/-/word-wrap-1.2.6.tgz#bd9154aec9983f77b3a034ecaa015c2e4201f6cf"
  integrity sha512-1Yjs2SvM8TflER/OD3cOjhWWOZb58A2t7wpE2S9XfBYTiIl+XFhQG2bjy4Pu1I+EAlCNUzRDYDdFwFYUKvXcIA==

"@adobe/css-tools@^4.0.1":
  version "4.3.1"
  resolved "https://registry.yarnpkg.com/@adobe/css-tools/-/css-tools-4.3.1.tgz#abfccb8ca78075a2b6187345c26243c1a0842f28"
  integrity sha512-/62yikz7NLScCGAAST5SHdnjaDJQBDq0M2muyRTpf2VQhw6StBg2ALiu73zSJQ4fMVLA+0uBhBHAle7Wg+2kSg==

"@alloc/quick-lru@^5.2.0":
  version "5.2.0"
  resolved "https://registry.yarnpkg.com/@alloc/quick-lru/-/quick-lru-5.2.0.tgz#7bf68b20c0a350f936915fcae06f58e32007ce30"
  integrity sha512-UrcABB+4bUrFABwbluTIBErXwvbsU/V7TZWfmbgJfbkwiBuziS9gxdODUyuiecfdGQ85jglMW6juS3+z5TsKLw==

"@ampproject/remapping@^2.2.0":
  version "2.2.1"
  resolved "https://registry.yarnpkg.com/@ampproject/remapping/-/remapping-2.2.1.tgz#99e8e11851128b8702cd57c33684f1d0f260b630"
  integrity sha512-lFMjJTrFL3j7L9yBxwYfCq2k6qqwHyzuUl/XBnif78PWTJYyL/dfowQHWE3sp6U6ZzqWiiIZnpTMO96zhkjwtg==
  dependencies:
    "@jridgewell/gen-mapping" "^0.3.0"
    "@jridgewell/trace-mapping" "^0.3.9"

"@apideck/better-ajv-errors@^0.3.1":
  version "0.3.6"
  resolved "https://registry.yarnpkg.com/@apideck/better-ajv-errors/-/better-ajv-errors-0.3.6.tgz#957d4c28e886a64a8141f7522783be65733ff097"
  integrity sha512-P+ZygBLZtkp0qqOAJJVX4oX/sFo5JR3eBWwwuqHHhK0GIgQOKWrAfiAaWX0aArHkRWHMuggFEgAZNxVPwPZYaA==
  dependencies:
    json-schema "^0.4.0"
    jsonpointer "^5.0.0"
    leven "^3.1.0"

"@babel/code-frame@^7.0.0", "@babel/code-frame@^7.10.4", "@babel/code-frame@^7.12.13", "@babel/code-frame@^7.16.0", "@babel/code-frame@^7.22.13", "@babel/code-frame@^7.8.3":
  version "7.22.13"
  resolved "https://registry.yarnpkg.com/@babel/code-frame/-/code-frame-7.22.13.tgz#e3c1c099402598483b7a8c46a721d1038803755e"
  integrity sha512-XktuhWlJ5g+3TJXc5upd9Ks1HutSArik6jf2eAjYFyIOf4ej3RN+184cZbzDvbPnuTJIUhPKKJE3cIsYTiAT3w==
  dependencies:
    "@babel/highlight" "^7.22.13"
    chalk "^2.4.2"

"@babel/compat-data@^7.22.6", "@babel/compat-data@^7.22.9", "@babel/compat-data@^7.23.2":
  version "7.23.2"
  resolved "https://registry.yarnpkg.com/@babel/compat-data/-/compat-data-7.23.2.tgz#6a12ced93455827037bfb5ed8492820d60fc32cc"
  integrity sha512-0S9TQMmDHlqAZ2ITT95irXKfxN9bncq8ZCoJhun3nHL/lLUxd2NKBJYoNGWH7S0hz6fRQwWlAWn/ILM0C70KZQ==

"@babel/core@^7.1.0", "@babel/core@^7.11.1", "@babel/core@^7.12.3", "@babel/core@^7.16.0", "@babel/core@^7.7.2", "@babel/core@^7.8.0":
  version "7.23.2"
  resolved "https://registry.yarnpkg.com/@babel/core/-/core-7.23.2.tgz#ed10df0d580fff67c5f3ee70fd22e2e4c90a9f94"
  integrity sha512-n7s51eWdaWZ3vGT2tD4T7J6eJs3QoBXydv7vkUM06Bf1cbVD2Kc2UrkzhiQwobfV7NwOnQXYL7UBJ5VPU+RGoQ==
  dependencies:
    "@ampproject/remapping" "^2.2.0"
    "@babel/code-frame" "^7.22.13"
    "@babel/generator" "^7.23.0"
    "@babel/helper-compilation-targets" "^7.22.15"
    "@babel/helper-module-transforms" "^7.23.0"
    "@babel/helpers" "^7.23.2"
    "@babel/parser" "^7.23.0"
    "@babel/template" "^7.22.15"
    "@babel/traverse" "^7.23.2"
    "@babel/types" "^7.23.0"
    convert-source-map "^2.0.0"
    debug "^4.1.0"
    gensync "^1.0.0-beta.2"
    json5 "^2.2.3"
    semver "^6.3.1"

"@babel/eslint-parser@^7.16.3":
  version "7.22.15"
  resolved "https://registry.yarnpkg.com/@babel/eslint-parser/-/eslint-parser-7.22.15.tgz#263f059c476e29ca4972481a17b8b660cb025a34"
  integrity sha512-yc8OOBIQk1EcRrpizuARSQS0TWAcOMpEJ1aafhNznaeYkeL+OhqnDObGFylB8ka8VFF/sZc+S4RzHyO+3LjQxg==
  dependencies:
    "@nicolo-ribaudo/eslint-scope-5-internals" "5.1.1-v1"
    eslint-visitor-keys "^2.1.0"
    semver "^6.3.1"

"@babel/generator@^7.23.0", "@babel/generator@^7.7.2":
  version "7.23.0"
  resolved "https://registry.yarnpkg.com/@babel/generator/-/generator-7.23.0.tgz#df5c386e2218be505b34837acbcb874d7a983420"
  integrity sha512-lN85QRR+5IbYrMWM6Y4pE/noaQtg4pNiqeNGX60eqOfo6gtEj6uw/JagelB8vVztSd7R6M5n1+PQkDbHbBRU4g==
  dependencies:
    "@babel/types" "^7.23.0"
    "@jridgewell/gen-mapping" "^0.3.2"
    "@jridgewell/trace-mapping" "^0.3.17"
    jsesc "^2.5.1"

"@babel/helper-annotate-as-pure@^7.22.5":
  version "7.22.5"
  resolved "https://registry.yarnpkg.com/@babel/helper-annotate-as-pure/-/helper-annotate-as-pure-7.22.5.tgz#e7f06737b197d580a01edf75d97e2c8be99d3882"
  integrity sha512-LvBTxu8bQSQkcyKOU+a1btnNFQ1dMAd0R6PyW3arXes06F6QLWLIrd681bxRPIXlrMGR3XYnW9JyML7dP3qgxg==
  dependencies:
    "@babel/types" "^7.22.5"

"@babel/helper-builder-binary-assignment-operator-visitor@^7.22.5":
  version "7.22.15"
  resolved "https://registry.yarnpkg.com/@babel/helper-builder-binary-assignment-operator-visitor/-/helper-builder-binary-assignment-operator-visitor-7.22.15.tgz#5426b109cf3ad47b91120f8328d8ab1be8b0b956"
  integrity sha512-QkBXwGgaoC2GtGZRoma6kv7Szfv06khvhFav67ZExau2RaXzy8MpHSMO2PNoP2XtmQphJQRHFfg77Bq731Yizw==
  dependencies:
    "@babel/types" "^7.22.15"

"@babel/helper-compilation-targets@^7.22.15", "@babel/helper-compilation-targets@^7.22.5", "@babel/helper-compilation-targets@^7.22.6":
  version "7.22.15"
  resolved "https://registry.yarnpkg.com/@babel/helper-compilation-targets/-/helper-compilation-targets-7.22.15.tgz#0698fc44551a26cf29f18d4662d5bf545a6cfc52"
  integrity sha512-y6EEzULok0Qvz8yyLkCvVX+02ic+By2UdOhylwUOvOn9dvYc9mKICJuuU1n1XBI02YWsNsnrY1kc6DVbjcXbtw==
  dependencies:
    "@babel/compat-data" "^7.22.9"
    "@babel/helper-validator-option" "^7.22.15"
    browserslist "^4.21.9"
    lru-cache "^5.1.1"
    semver "^6.3.1"

"@babel/helper-create-class-features-plugin@^7.18.6", "@babel/helper-create-class-features-plugin@^7.22.11", "@babel/helper-create-class-features-plugin@^7.22.15", "@babel/helper-create-class-features-plugin@^7.22.5":
  version "7.22.15"
  resolved "https://registry.yarnpkg.com/@babel/helper-create-class-features-plugin/-/helper-create-class-features-plugin-7.22.15.tgz#97a61b385e57fe458496fad19f8e63b63c867de4"
  integrity sha512-jKkwA59IXcvSaiK2UN45kKwSC9o+KuoXsBDvHvU/7BecYIp8GQ2UwrVvFgJASUT+hBnwJx6MhvMCuMzwZZ7jlg==
  dependencies:
    "@babel/helper-annotate-as-pure" "^7.22.5"
    "@babel/helper-environment-visitor" "^7.22.5"
    "@babel/helper-function-name" "^7.22.5"
    "@babel/helper-member-expression-to-functions" "^7.22.15"
    "@babel/helper-optimise-call-expression" "^7.22.5"
    "@babel/helper-replace-supers" "^7.22.9"
    "@babel/helper-skip-transparent-expression-wrappers" "^7.22.5"
    "@babel/helper-split-export-declaration" "^7.22.6"
    semver "^6.3.1"

"@babel/helper-create-regexp-features-plugin@^7.18.6", "@babel/helper-create-regexp-features-plugin@^7.22.5":
  version "7.22.15"
  resolved "https://registry.yarnpkg.com/@babel/helper-create-regexp-features-plugin/-/helper-create-regexp-features-plugin-7.22.15.tgz#5ee90093914ea09639b01c711db0d6775e558be1"
  integrity sha512-29FkPLFjn4TPEa3RE7GpW+qbE8tlsu3jntNYNfcGsc49LphF1PQIiD+vMZ1z1xVOKt+93khA9tc2JBs3kBjA7w==
  dependencies:
    "@babel/helper-annotate-as-pure" "^7.22.5"
    regexpu-core "^5.3.1"
    semver "^6.3.1"

"@babel/helper-define-polyfill-provider@^0.4.3":
  version "0.4.3"
  resolved "https://registry.yarnpkg.com/@babel/helper-define-polyfill-provider/-/helper-define-polyfill-provider-0.4.3.tgz#a71c10f7146d809f4a256c373f462d9bba8cf6ba"
  integrity sha512-WBrLmuPP47n7PNwsZ57pqam6G/RGo1vw/87b0Blc53tZNGZ4x7YvZ6HgQe2vo1W/FR20OgjeZuGXzudPiXHFug==
  dependencies:
    "@babel/helper-compilation-targets" "^7.22.6"
    "@babel/helper-plugin-utils" "^7.22.5"
    debug "^4.1.1"
    lodash.debounce "^4.0.8"
    resolve "^1.14.2"

"@babel/helper-environment-visitor@^7.22.20", "@babel/helper-environment-visitor@^7.22.5":
  version "7.22.20"
  resolved "https://registry.yarnpkg.com/@babel/helper-environment-visitor/-/helper-environment-visitor-7.22.20.tgz#96159db61d34a29dba454c959f5ae4a649ba9167"
  integrity sha512-zfedSIzFhat/gFhWfHtgWvlec0nqB9YEIVrpuwjruLlXfUSnA8cJB0miHKwqDnQ7d32aKo2xt88/xZptwxbfhA==

"@babel/helper-function-name@^7.22.5", "@babel/helper-function-name@^7.23.0":
  version "7.23.0"
  resolved "https://registry.yarnpkg.com/@babel/helper-function-name/-/helper-function-name-7.23.0.tgz#1f9a3cdbd5b2698a670c30d2735f9af95ed52759"
  integrity sha512-OErEqsrxjZTJciZ4Oo+eoZqeW9UIiOcuYKRJA4ZAgV9myA+pOXhhmpfNCKjEH/auVfEYVFJ6y1Tc4r0eIApqiw==
  dependencies:
    "@babel/template" "^7.22.15"
    "@babel/types" "^7.23.0"

"@babel/helper-hoist-variables@^7.22.5":
  version "7.22.5"
  resolved "https://registry.yarnpkg.com/@babel/helper-hoist-variables/-/helper-hoist-variables-7.22.5.tgz#c01a007dac05c085914e8fb652b339db50d823bb"
  integrity sha512-wGjk9QZVzvknA6yKIUURb8zY3grXCcOZt+/7Wcy8O2uctxhplmUPkOdlgoNhmdVee2c92JXbf1xpMtVNbfoxRw==
  dependencies:
    "@babel/types" "^7.22.5"

"@babel/helper-member-expression-to-functions@^7.22.15":
  version "7.23.0"
  resolved "https://registry.yarnpkg.com/@babel/helper-member-expression-to-functions/-/helper-member-expression-to-functions-7.23.0.tgz#9263e88cc5e41d39ec18c9a3e0eced59a3e7d366"
  integrity sha512-6gfrPwh7OuT6gZyJZvd6WbTfrqAo7vm4xCzAXOusKqq/vWdKXphTpj5klHKNmRUU6/QRGlBsyU9mAIPaWHlqJA==
  dependencies:
    "@babel/types" "^7.23.0"

"@babel/helper-module-imports@^7.10.4", "@babel/helper-module-imports@^7.16.7", "@babel/helper-module-imports@^7.22.15", "@babel/helper-module-imports@^7.22.5":
  version "7.22.15"
  resolved "https://registry.yarnpkg.com/@babel/helper-module-imports/-/helper-module-imports-7.22.15.tgz#16146307acdc40cc00c3b2c647713076464bdbf0"
  integrity sha512-0pYVBnDKZO2fnSPCrgM/6WMc7eS20Fbok+0r88fp+YtWVLZrp4CkafFGIp+W0VKw4a22sgebPT99y+FDNMdP4w==
  dependencies:
    "@babel/types" "^7.22.15"

"@babel/helper-module-transforms@^7.22.5", "@babel/helper-module-transforms@^7.23.0":
  version "7.23.0"
  resolved "https://registry.yarnpkg.com/@babel/helper-module-transforms/-/helper-module-transforms-7.23.0.tgz#3ec246457f6c842c0aee62a01f60739906f7047e"
  integrity sha512-WhDWw1tdrlT0gMgUJSlX0IQvoO1eN279zrAUbVB+KpV2c3Tylz8+GnKOLllCS6Z/iZQEyVYxhZVUdPTqs2YYPw==
  dependencies:
    "@babel/helper-environment-visitor" "^7.22.20"
    "@babel/helper-module-imports" "^7.22.15"
    "@babel/helper-simple-access" "^7.22.5"
    "@babel/helper-split-export-declaration" "^7.22.6"
    "@babel/helper-validator-identifier" "^7.22.20"

"@babel/helper-optimise-call-expression@^7.22.5":
  version "7.22.5"
  resolved "https://registry.yarnpkg.com/@babel/helper-optimise-call-expression/-/helper-optimise-call-expression-7.22.5.tgz#f21531a9ccbff644fdd156b4077c16ff0c3f609e"
  integrity sha512-HBwaojN0xFRx4yIvpwGqxiV2tUfl7401jlok564NgB9EHS1y6QT17FmKWm4ztqjeVdXLuC4fSvHc5ePpQjoTbw==
  dependencies:
    "@babel/types" "^7.22.5"

"@babel/helper-plugin-utils@^7.0.0", "@babel/helper-plugin-utils@^7.10.4", "@babel/helper-plugin-utils@^7.12.13", "@babel/helper-plugin-utils@^7.14.5", "@babel/helper-plugin-utils@^7.18.6", "@babel/helper-plugin-utils@^7.20.2", "@babel/helper-plugin-utils@^7.22.5", "@babel/helper-plugin-utils@^7.8.0", "@babel/helper-plugin-utils@^7.8.3":
  version "7.22.5"
  resolved "https://registry.yarnpkg.com/@babel/helper-plugin-utils/-/helper-plugin-utils-7.22.5.tgz#dd7ee3735e8a313b9f7b05a773d892e88e6d7295"
  integrity sha512-uLls06UVKgFG9QD4OeFYLEGteMIAa5kpTPcFL28yuCIIzsf6ZyKZMllKVOCZFhiZ5ptnwX4mtKdWCBE/uT4amg==

"@babel/helper-remap-async-to-generator@^7.22.20", "@babel/helper-remap-async-to-generator@^7.22.5":
  version "7.22.20"
  resolved "https://registry.yarnpkg.com/@babel/helper-remap-async-to-generator/-/helper-remap-async-to-generator-7.22.20.tgz#7b68e1cb4fa964d2996fd063723fb48eca8498e0"
  integrity sha512-pBGyV4uBqOns+0UvhsTO8qgl8hO89PmiDYv+/COyp1aeMcmfrfruz+/nCMFiYyFF/Knn0yfrC85ZzNFjembFTw==
  dependencies:
    "@babel/helper-annotate-as-pure" "^7.22.5"
    "@babel/helper-environment-visitor" "^7.22.20"
    "@babel/helper-wrap-function" "^7.22.20"

"@babel/helper-replace-supers@^7.22.20", "@babel/helper-replace-supers@^7.22.5", "@babel/helper-replace-supers@^7.22.9":
  version "7.22.20"
  resolved "https://registry.yarnpkg.com/@babel/helper-replace-supers/-/helper-replace-supers-7.22.20.tgz#e37d367123ca98fe455a9887734ed2e16eb7a793"
  integrity sha512-qsW0In3dbwQUbK8kejJ4R7IHVGwHJlV6lpG6UA7a9hSa2YEiAib+N1T2kr6PEeUT+Fl7najmSOS6SmAwCHK6Tw==
  dependencies:
    "@babel/helper-environment-visitor" "^7.22.20"
    "@babel/helper-member-expression-to-functions" "^7.22.15"
    "@babel/helper-optimise-call-expression" "^7.22.5"

"@babel/helper-simple-access@^7.22.5":
  version "7.22.5"
  resolved "https://registry.yarnpkg.com/@babel/helper-simple-access/-/helper-simple-access-7.22.5.tgz#4938357dc7d782b80ed6dbb03a0fba3d22b1d5de"
  integrity sha512-n0H99E/K+Bika3++WNL17POvo4rKWZ7lZEp1Q+fStVbUi8nxPQEBOlTmCOxW/0JsS56SKKQ+ojAe2pHKJHN35w==
  dependencies:
    "@babel/types" "^7.22.5"

"@babel/helper-skip-transparent-expression-wrappers@^7.20.0", "@babel/helper-skip-transparent-expression-wrappers@^7.22.5":
  version "7.22.5"
  resolved "https://registry.yarnpkg.com/@babel/helper-skip-transparent-expression-wrappers/-/helper-skip-transparent-expression-wrappers-7.22.5.tgz#007f15240b5751c537c40e77abb4e89eeaaa8847"
  integrity sha512-tK14r66JZKiC43p8Ki33yLBVJKlQDFoA8GYN67lWCDCqoL6EMMSuM9b+Iff2jHaM/RRFYl7K+iiru7hbRqNx8Q==
  dependencies:
    "@babel/types" "^7.22.5"

"@babel/helper-split-export-declaration@^7.22.6":
  version "7.22.6"
  resolved "https://registry.yarnpkg.com/@babel/helper-split-export-declaration/-/helper-split-export-declaration-7.22.6.tgz#322c61b7310c0997fe4c323955667f18fcefb91c"
  integrity sha512-AsUnxuLhRYsisFiaJwvp1QF+I3KjD5FOxut14q/GzovUe6orHLesW2C7d754kRm53h5gqrz6sFl6sxc4BVtE/g==
  dependencies:
    "@babel/types" "^7.22.5"

"@babel/helper-string-parser@^7.22.5":
  version "7.22.5"
  resolved "https://registry.yarnpkg.com/@babel/helper-string-parser/-/helper-string-parser-7.22.5.tgz#533f36457a25814cf1df6488523ad547d784a99f"
  integrity sha512-mM4COjgZox8U+JcXQwPijIZLElkgEpO5rsERVDJTc2qfCDfERyob6k5WegS14SX18IIjv+XD+GrqNumY5JRCDw==

"@babel/helper-validator-identifier@^7.22.20":
  version "7.22.20"
  resolved "https://registry.yarnpkg.com/@babel/helper-validator-identifier/-/helper-validator-identifier-7.22.20.tgz#c4ae002c61d2879e724581d96665583dbc1dc0e0"
  integrity sha512-Y4OZ+ytlatR8AI+8KZfKuL5urKp7qey08ha31L8b3BwewJAoJamTzyvxPR/5D+KkdJCGPq/+8TukHBlY10FX9A==

"@babel/helper-validator-option@^7.22.15":
  version "7.22.15"
  resolved "https://registry.yarnpkg.com/@babel/helper-validator-option/-/helper-validator-option-7.22.15.tgz#694c30dfa1d09a6534cdfcafbe56789d36aba040"
  integrity sha512-bMn7RmyFjY/mdECUbgn9eoSY4vqvacUnS9i9vGAGttgFWesO6B4CYWA7XlpbWgBt71iv/hfbPlynohStqnu5hA==

"@babel/helper-wrap-function@^7.22.20":
  version "7.22.20"
  resolved "https://registry.yarnpkg.com/@babel/helper-wrap-function/-/helper-wrap-function-7.22.20.tgz#15352b0b9bfb10fc9c76f79f6342c00e3411a569"
  integrity sha512-pms/UwkOpnQe/PDAEdV/d7dVCoBbB+R4FvYoHGZz+4VPcg7RtYy2KP7S2lbuWM6FCSgob5wshfGESbC/hzNXZw==
  dependencies:
    "@babel/helper-function-name" "^7.22.5"
    "@babel/template" "^7.22.15"
    "@babel/types" "^7.22.19"

"@babel/helpers@^7.23.2":
  version "7.23.2"
  resolved "https://registry.yarnpkg.com/@babel/helpers/-/helpers-7.23.2.tgz#2832549a6e37d484286e15ba36a5330483cac767"
  integrity sha512-lzchcp8SjTSVe/fPmLwtWVBFC7+Tbn8LGHDVfDp9JGxpAY5opSaEFgt8UQvrnECWOTdji2mOWMz1rOhkHscmGQ==
  dependencies:
    "@babel/template" "^7.22.15"
    "@babel/traverse" "^7.23.2"
    "@babel/types" "^7.23.0"

"@babel/highlight@^7.22.13":
  version "7.22.20"
  resolved "https://registry.yarnpkg.com/@babel/highlight/-/highlight-7.22.20.tgz#4ca92b71d80554b01427815e06f2df965b9c1f54"
  integrity sha512-dkdMCN3py0+ksCgYmGG8jKeGA/8Tk+gJwSYYlFGxG5lmhfKNoAy004YpLxpS1W2J8m/EK2Ew+yOs9pVRwO89mg==
  dependencies:
    "@babel/helper-validator-identifier" "^7.22.20"
    chalk "^2.4.2"
    js-tokens "^4.0.0"

"@babel/parser@^7.1.0", "@babel/parser@^7.14.7", "@babel/parser@^7.20.7", "@babel/parser@^7.22.15", "@babel/parser@^7.23.0":
  version "7.23.0"
  resolved "https://registry.yarnpkg.com/@babel/parser/-/parser-7.23.0.tgz#da950e622420bf96ca0d0f2909cdddac3acd8719"
  integrity sha512-vvPKKdMemU85V9WE/l5wZEmImpCtLqbnTvqDS2U1fJ96KrxoW7KrXhNsNCblQlg8Ck4b85yxdTyelsMUgFUXiw==

"@babel/plugin-bugfix-safari-id-destructuring-collision-in-function-expression@^7.22.15":
  version "7.22.15"
  resolved "https://registry.yarnpkg.com/@babel/plugin-bugfix-safari-id-destructuring-collision-in-function-expression/-/plugin-bugfix-safari-id-destructuring-collision-in-function-expression-7.22.15.tgz#02dc8a03f613ed5fdc29fb2f728397c78146c962"
  integrity sha512-FB9iYlz7rURmRJyXRKEnalYPPdn87H5no108cyuQQyMwlpJ2SJtpIUBI27kdTin956pz+LPypkPVPUTlxOmrsg==
  dependencies:
    "@babel/helper-plugin-utils" "^7.22.5"

"@babel/plugin-bugfix-v8-spread-parameters-in-optional-chaining@^7.22.15":
  version "7.22.15"
  resolved "https://registry.yarnpkg.com/@babel/plugin-bugfix-v8-spread-parameters-in-optional-chaining/-/plugin-bugfix-v8-spread-parameters-in-optional-chaining-7.22.15.tgz#2aeb91d337d4e1a1e7ce85b76a37f5301781200f"
  integrity sha512-Hyph9LseGvAeeXzikV88bczhsrLrIZqDPxO+sSmAunMPaGrBGhfMWzCPYTtiW9t+HzSE2wtV8e5cc5P6r1xMDQ==
  dependencies:
    "@babel/helper-plugin-utils" "^7.22.5"
    "@babel/helper-skip-transparent-expression-wrappers" "^7.22.5"
    "@babel/plugin-transform-optional-chaining" "^7.22.15"

"@babel/plugin-proposal-class-properties@^7.16.0":
  version "7.18.6"
  resolved "https://registry.yarnpkg.com/@babel/plugin-proposal-class-properties/-/plugin-proposal-class-properties-7.18.6.tgz#b110f59741895f7ec21a6fff696ec46265c446a3"
  integrity sha512-cumfXOF0+nzZrrN8Rf0t7M+tF6sZc7vhQwYQck9q1/5w2OExlD+b4v4RpMJFaV1Z7WcDRgO6FqvxqxGlwo+RHQ==
  dependencies:
    "@babel/helper-create-class-features-plugin" "^7.18.6"
    "@babel/helper-plugin-utils" "^7.18.6"

"@babel/plugin-proposal-decorators@^7.16.4":
  version "7.23.2"
  resolved "https://registry.yarnpkg.com/@babel/plugin-proposal-decorators/-/plugin-proposal-decorators-7.23.2.tgz#0b345a5754f48309fa50b7cd99075ef0295b12c8"
  integrity sha512-eR0gJQc830fJVGz37oKLvt9W9uUIQSAovUl0e9sJ3YeO09dlcoBVYD3CLrjCj4qHdXmfiyTyFt8yeQYSN5fxLg==
  dependencies:
    "@babel/helper-create-class-features-plugin" "^7.22.15"
    "@babel/helper-plugin-utils" "^7.22.5"
    "@babel/helper-replace-supers" "^7.22.20"
    "@babel/helper-split-export-declaration" "^7.22.6"
    "@babel/plugin-syntax-decorators" "^7.22.10"

"@babel/plugin-proposal-nullish-coalescing-operator@^7.16.0":
  version "7.18.6"
  resolved "https://registry.yarnpkg.com/@babel/plugin-proposal-nullish-coalescing-operator/-/plugin-proposal-nullish-coalescing-operator-7.18.6.tgz#fdd940a99a740e577d6c753ab6fbb43fdb9467e1"
  integrity sha512-wQxQzxYeJqHcfppzBDnm1yAY0jSRkUXR2z8RePZYrKwMKgMlE8+Z6LUno+bd6LvbGh8Gltvy74+9pIYkr+XkKA==
  dependencies:
    "@babel/helper-plugin-utils" "^7.18.6"
    "@babel/plugin-syntax-nullish-coalescing-operator" "^7.8.3"

"@babel/plugin-proposal-numeric-separator@^7.16.0":
  version "7.18.6"
  resolved "https://registry.yarnpkg.com/@babel/plugin-proposal-numeric-separator/-/plugin-proposal-numeric-separator-7.18.6.tgz#899b14fbafe87f053d2c5ff05b36029c62e13c75"
  integrity sha512-ozlZFogPqoLm8WBr5Z8UckIoE4YQ5KESVcNudyXOR8uqIkliTEgJ3RoketfG6pmzLdeZF0H/wjE9/cCEitBl7Q==
  dependencies:
    "@babel/helper-plugin-utils" "^7.18.6"
    "@babel/plugin-syntax-numeric-separator" "^7.10.4"

"@babel/plugin-proposal-optional-chaining@^7.16.0":
  version "7.21.0"
  resolved "https://registry.yarnpkg.com/@babel/plugin-proposal-optional-ch
